
Microsoft Visual Studio Solution File, Format Version 12.00
# Visual Studio 15
VisualStudioVersion = 15.0.28010.2036
MinimumVisualStudioVersion = 10.0.40219.1
Project("{FAE04EC0-301F-11D3-BF4B-00C04F79EFBC}") = "Jordan van Zyl - 18013347 - GADE POE", "Jordan van Zyl - 18013347 - GADE POE\Jordan van Zyl - 18013347 - GADE POE.csproj", "{133CB5F5-0476-451F-92A2-E4BEE69CEB37}"
EndProject
Global
	GlobalSection(SolutionConfigurationPlatforms) = preSolution
		Debug|Any CPU = Debug|Any CPU
		Release|Any CPU = Release|Any CPU
	EndGlobalSection
	GlobalSection(ProjectConfigurationPlatforms) = postSolution
		{133CB5F5-0476-451F-92A2-E4BEE69CEB37}.Debug|Any CPU.ActiveCfg = Debug|Any CPU
		{133CB5F5-0476-451F-92A2-E4BEE69CEB37}.Debug|Any CPU.Build.0 = Debug|Any CPU
		{133CB5F5-0476-451F-92A2-E4BEE69CEB37}.Release|Any CPU.ActiveCfg = Release|Any CPU
		{133CB5F5-0476-451F-92A2-E4BEE69CEB37}.Release|Any CPU.Build.0 = Release|Any CPU
	EndGlobalSection
	GlobalSection(SolutionProperties) = preSolution
		HideSolutionNode = FALSE
	EndGlobalSection
	GlobalSection(ExtensibilityGlobals) = postSolution
		SolutionGuid = {833913A3-E602-4CF4-8808-E277E0B463D0}
	EndGlobalSection
EndGlobal
