
Microsoft Visual Studio Solution File, Format Version 12.00
# Visual Studio 15
VisualStudioVersion = 15.0.28010.2036
MinimumVisualStudioVersion = 10.0.40219.1
Project("{FAE04EC0-301F-11D3-BF4B-00C04F79EFBC}") = "Jordan van Zyl - 18013347 - GADE A3", "Jordan van Zyl - 18013347 - GADE A3\Jordan van Zyl - 18013347 - GADE A3.csproj", "{1608E5CC-1F56-48F2-9CA1-1ABD27A6A41B}"
EndProject
Global
	GlobalSection(SolutionConfigurationPlatforms) = preSolution
		Debug|Any CPU = Debug|Any CPU
		Release|Any CPU = Release|Any CPU
	EndGlobalSection
	GlobalSection(ProjectConfigurationPlatforms) = postSolution
		{1608E5CC-1F56-48F2-9CA1-1ABD27A6A41B}.Debug|Any CPU.ActiveCfg = Debug|Any CPU
		{1608E5CC-1F56-48F2-9CA1-1ABD27A6A41B}.Debug|Any CPU.Build.0 = Debug|Any CPU
		{1608E5CC-1F56-48F2-9CA1-1ABD27A6A41B}.Release|Any CPU.ActiveCfg = Release|Any CPU
		{1608E5CC-1F56-48F2-9CA1-1ABD27A6A41B}.Release|Any CPU.Build.0 = Release|Any CPU
	EndGlobalSection
	GlobalSection(SolutionProperties) = preSolution
		HideSolutionNode = FALSE
	EndGlobalSection
	GlobalSection(ExtensibilityGlobals) = postSolution
		SolutionGuid = {67DCA8FE-1F16-40E6-9696-2C0F0FC2406C}
	EndGlobalSection
EndGlobal
